
Microsoft Visual Studio Solution File, Format Version 12.00
Project("{FAE04EC0-301F-11D3-BF4B-00C04F79EFBC}") = "MatrixSolveWorkers", "MatrixSolveWorkers\MatrixSolveWorkers.csproj", "{3E8B589F-5C8B-4CDC-9F88-67D7F8856F7A}"
EndProject
Global
	GlobalSection(SolutionConfigurationPlatforms) = preSolution
		Debug|Any CPU = Debug|Any CPU
		Release|Any CPU = Release|Any CPU
	EndGlobalSection
	GlobalSection(ProjectConfigurationPlatforms) = postSolution
		{3E8B589F-5C8B-4CDC-9F88-67D7F8856F7A}.Debug|Any CPU.ActiveCfg = Debug|Any CPU
		{3E8B589F-5C8B-4CDC-9F88-67D7F8856F7A}.Debug|Any CPU.Build.0 = Debug|Any CPU
		{3E8B589F-5C8B-4CDC-9F88-67D7F8856F7A}.Release|Any CPU.ActiveCfg = Release|Any CPU
		{3E8B589F-5C8B-4CDC-9F88-67D7F8856F7A}.Release|Any CPU.Build.0 = Release|Any CPU
	EndGlobalSection
EndGlobal
