
Microsoft Visual Studio Solution File, Format Version 12.00
Project("{FAE04EC0-301F-11D3-BF4B-00C04F79EFBC}") = "Lab1", "Lab1\Lab1.csproj", "{7D006528-3185-4926-A6A7-5FA5F62578A3}"
EndProject
Project("{FAE04EC0-301F-11D3-BF4B-00C04F79EFBC}") = "Lab2", "Lab2\Lab2.csproj", "{2151EB2E-748E-48D4-ADC7-5E9539782FC2}"
EndProject
Project("{FAE04EC0-301F-11D3-BF4B-00C04F79EFBC}") = "Lab3", "Lab3\Lab3.csproj", "{9ED7E9C2-7245-4063-A96B-AC8E878FA43D}"
EndProject
Global
	GlobalSection(SolutionConfigurationPlatforms) = preSolution
		Debug|Any CPU = Debug|Any CPU
		Release|Any CPU = Release|Any CPU
	EndGlobalSection
	GlobalSection(ProjectConfigurationPlatforms) = postSolution
		{7D006528-3185-4926-A6A7-5FA5F62578A3}.Debug|Any CPU.ActiveCfg = Debug|Any CPU
		{7D006528-3185-4926-A6A7-5FA5F62578A3}.Debug|Any CPU.Build.0 = Debug|Any CPU
		{7D006528-3185-4926-A6A7-5FA5F62578A3}.Release|Any CPU.ActiveCfg = Release|Any CPU
		{7D006528-3185-4926-A6A7-5FA5F62578A3}.Release|Any CPU.Build.0 = Release|Any CPU
		{2151EB2E-748E-48D4-ADC7-5E9539782FC2}.Debug|Any CPU.ActiveCfg = Debug|Any CPU
		{2151EB2E-748E-48D4-ADC7-5E9539782FC2}.Debug|Any CPU.Build.0 = Debug|Any CPU
		{2151EB2E-748E-48D4-ADC7-5E9539782FC2}.Release|Any CPU.ActiveCfg = Release|Any CPU
		{2151EB2E-748E-48D4-ADC7-5E9539782FC2}.Release|Any CPU.Build.0 = Release|Any CPU
		{9ED7E9C2-7245-4063-A96B-AC8E878FA43D}.Debug|Any CPU.ActiveCfg = Debug|Any CPU
		{9ED7E9C2-7245-4063-A96B-AC8E878FA43D}.Debug|Any CPU.Build.0 = Debug|Any CPU
		{9ED7E9C2-7245-4063-A96B-AC8E878FA43D}.Release|Any CPU.ActiveCfg = Release|Any CPU
		{9ED7E9C2-7245-4063-A96B-AC8E878FA43D}.Release|Any CPU.Build.0 = Release|Any CPU
	EndGlobalSection
EndGlobal
