
Microsoft Visual Studio Solution File, Format Version 12.00
Project("{FAE04EC0-301F-11D3-BF4B-00C04F79EFBC}") = "MatrixSolve", "MatrixSolve\MatrixSolve.csproj", "{1FF396E6-D8BE-4CA7-8ABA-7ADCD39BF21C}"
EndProject
Global
	GlobalSection(SolutionConfigurationPlatforms) = preSolution
		Debug|Any CPU = Debug|Any CPU
		Release|Any CPU = Release|Any CPU
	EndGlobalSection
	GlobalSection(ProjectConfigurationPlatforms) = postSolution
		{1FF396E6-D8BE-4CA7-8ABA-7ADCD39BF21C}.Debug|Any CPU.ActiveCfg = Debug|Any CPU
		{1FF396E6-D8BE-4CA7-8ABA-7ADCD39BF21C}.Debug|Any CPU.Build.0 = Debug|Any CPU
		{1FF396E6-D8BE-4CA7-8ABA-7ADCD39BF21C}.Release|Any CPU.ActiveCfg = Release|Any CPU
		{1FF396E6-D8BE-4CA7-8ABA-7ADCD39BF21C}.Release|Any CPU.Build.0 = Release|Any CPU
	EndGlobalSection
EndGlobal
